
Microsoft Visual Studio Solution File, Format Version 12.00
# Visual Studio Version 16
VisualStudioVersion = 16.0.33529.622
MinimumVisualStudioVersion = 10.0.40219.1
Project("{FAE04EC0-301F-11D3-BF4B-00C04F79EFBC}") = "Assignment_2_marble", "Assignment_2_marble\Assignment_2_marble.csproj", "{F2CD9DAB-C433-450D-85D1-67FC559B8C1C}"
EndProject
Project("{FAE04EC0-301F-11D3-BF4B-00C04F79EFBC}") = "FormDLL", "FormDLL\FormDLL.csproj", "{263C3E3F-D3A5-4B74-9B0D-3C06352D875C}"
EndProject
Project("{FAE04EC0-301F-11D3-BF4B-00C04F79EFBC}") = "rafflewinner", "rafflewinner\rafflewinner.csproj", "{5765858B-756D-4B0B-A635-44FA53D3AD55}"
EndProject
Global
	GlobalSection(SolutionConfigurationPlatforms) = preSolution
		Debug|Any CPU = Debug|Any CPU
		Release|Any CPU = Release|Any CPU
	EndGlobalSection
	GlobalSection(ProjectConfigurationPlatforms) = postSolution
		{F2CD9DAB-C433-450D-85D1-67FC559B8C1C}.Debug|Any CPU.ActiveCfg = Debug|Any CPU
		{F2CD9DAB-C433-450D-85D1-67FC559B8C1C}.Debug|Any CPU.Build.0 = Debug|Any CPU
		{F2CD9DAB-C433-450D-85D1-67FC559B8C1C}.Release|Any CPU.ActiveCfg = Release|Any CPU
		{F2CD9DAB-C433-450D-85D1-67FC559B8C1C}.Release|Any CPU.Build.0 = Release|Any CPU
		{263C3E3F-D3A5-4B74-9B0D-3C06352D875C}.Debug|Any CPU.ActiveCfg = Debug|Any CPU
		{263C3E3F-D3A5-4B74-9B0D-3C06352D875C}.Debug|Any CPU.Build.0 = Debug|Any CPU
		{263C3E3F-D3A5-4B74-9B0D-3C06352D875C}.Release|Any CPU.ActiveCfg = Release|Any CPU
		{263C3E3F-D3A5-4B74-9B0D-3C06352D875C}.Release|Any CPU.Build.0 = Release|Any CPU
		{5765858B-756D-4B0B-A635-44FA53D3AD55}.Debug|Any CPU.ActiveCfg = Debug|Any CPU
		{5765858B-756D-4B0B-A635-44FA53D3AD55}.Debug|Any CPU.Build.0 = Debug|Any CPU
		{5765858B-756D-4B0B-A635-44FA53D3AD55}.Release|Any CPU.ActiveCfg = Release|Any CPU
		{5765858B-756D-4B0B-A635-44FA53D3AD55}.Release|Any CPU.Build.0 = Release|Any CPU
	EndGlobalSection
	GlobalSection(SolutionProperties) = preSolution
		HideSolutionNode = FALSE
	EndGlobalSection
	GlobalSection(ExtensibilityGlobals) = postSolution
		SolutionGuid = {421AB727-973D-4726-9BF1-176C0D03412D}
	EndGlobalSection
EndGlobal
